// !$*UTF8*$!
{
	archiveVersion = 1;
	classes = {
	};
	objectVersion = 46;
	objects = {

/* Begin PBXBuildFile section */
		333F968F1B2F42AC00DEF32E /* AppDelegate.swift in Sources */ = {isa = PBXBuildFile; fileRef = 333F968E1B2F42AC00DEF32E /* AppDelegate.swift */; };
		333F96911B2F42AC00DEF32E /* ViewController.swift in Sources */ = {isa = PBXBuildFile; fileRef = 333F96901B2F42AC00DEF32E /* ViewController.swift */; };
		333F96941B2F42AC00DEF32E /* Main.storyboard in Resources */ = {isa = PBXBuildFile; fileRef = 333F96921B2F42AC00DEF32E /* Main.storyboard */; };
		333F96961B2F42AC00DEF32E /* Images.xcassets in Resources */ = {isa = PBXBuildFile; fileRef = 333F96951B2F42AC00DEF32E /* Images.xcassets */; };
		333F96991B2F42AC00DEF32E /* LaunchScreen.xib in Resources */ = {isa = PBXBuildFile; fileRef = 333F96971B2F42AC00DEF32E /* LaunchScreen.xib */; };
		333F96A51B2F42AC00DEF32E /* test_form_appTests.swift in Sources */ = {isa = PBXBuildFile; fileRef = 333F96A41B2F42AC00DEF32E /* test_form_appTests.swift */; };
/* End PBXBuildFile section */

/* Begin PBXContainerItemProxy section */
		333F969F1B2F42AC00DEF32E /* PBXContainerItemProxy */ = {
			isa = PBXContainerItemProxy;
			containerPortal = 333F96811B2F42AC00DEF32E /* Project object */;
			proxyType = 1;
			remoteGlobalIDString = 333F96881B2F42AC00DEF32E;
			remoteInfo = "test-form-app";
		};
/* End PBXContainerItemProxy section */

/* Begin PBXFileReference section */
		333F96891B2F42AC00DEF32E /* test-form-app.app */ = {isa = PBXFileReference; explicitFileType = wrapper.application; includeInIndex = 0; path = "test-form-app.app"; sourceTree = BUILT_PRODUCTS_DIR; };
		333F968D1B2F42AC00DEF32E /* Info.plist */ = {isa = PBXFileReference; lastKnownFileType = text.plist.xml; path = Info.plist; sourceTree = "<group>"; };
		333F968E1B2F42AC00DEF32E /* AppDelegate.swift */ = {isa = PBXFileReference; lastKnownFileType = sourcecode.swift; path = AppDelegate.swift; sourceTree = "<group>"; };
		333F96901B2F42AC00DEF32E /* ViewController.swift */ = {isa = PBXFileReference; lastKnownFileType = sourcecode.swift; path = ViewController.swift; sourceTree = "<group>"; };
		333F96931B2F42AC00DEF32E /* Base */ = {isa = PBXFileReference; lastKnownFileType = file.storyboard; name = Base; path = Base.lproj/Main.storyboard; sourceTree = "<group>"; };
		333F96951B2F42AC00DEF32E /* Images.xcassets */ = {isa = PBXFileReference; lastKnownFileType = folder.assetcatalog; path = Images.xcassets; sourceTree = "<group>"; };
		333F96981B2F42AC00DEF32E /* Base */ = {isa = PBXFileReference; lastKnownFileType = file.xib; name = Base; path = Base.lproj/LaunchScreen.xib; sourceTree = "<group>"; };
		333F969E1B2F42AC00DEF32E /* test-form-appTests.xctest */ = {isa = PBXFileReference; explicitFileType = wrapper.cfbundle; includeInIndex = 0; path = "test-form-appTests.xctest"; sourceTree = BUILT_PRODUCTS_DIR; };
		333F96A31B2F42AC00DEF32E /* Info.plist */ = {isa = PBXFileReference; lastKnownFileType = text.plist.xml; path = Info.plist; sourceTree = "<group>"; };
		333F96A41B2F42AC00DEF32E /* test_form_appTests.swift */ = {isa = PBXFileReference; lastKnownFileType = sourcecode.swift; path = test_form_appTests.swift; sourceTree = "<group>"; };
/* End PBXFileReference section */

/* Begin PBXFrameworksBuildPhase section */
		333F96861B2F42AC00DEF32E /* Frameworks */ = {
			isa = PBXFrameworksBuildPhase;
			buildActionMask = 2147483647;
			files = (
			);
			runOnlyForDeploymentPostprocessing = 0;
		};
		333F969B1B2F42AC00DEF32E /* Frameworks */ = {
			isa = PBXFrameworksBuildPhase;
			buildActionMask = 2147483647;
			files = (
			);
			runOnlyForDeploymentPostprocessing = 0;
		};
/* End PBXFrameworksBuildPhase section */

/* Begin PBXGroup section */
		333F96801B2F42AC00DEF32E = {
			isa = PBXGroup;
			children = (
				333F968B1B2F42AC00DEF32E /* test-form-app */,
				333F96A11B2F42AC00DEF32E /* test-form-appTests */,
				333F968A1B2F42AC00DEF32E /* Products */,
			);
			sourceTree = "<group>";
		};
		333F968A1B2F42AC00DEF32E /* Products */ = {
			isa = PBXGroup;
			children = (
				333F96891B2F42AC00DEF32E /* test-form-app.app */,
				333F969E1B2F42AC00DEF32E /* test-form-appTests.xctest */,
			);
			name = Products;
			sourceTree = "<group>";
		};
		333F968B1B2F42AC00DEF32E /* test-form-app */ = {
			isa = PBXGroup;
			children = (
				333F968E1B2F42AC00DEF32E /* AppDelegate.swift */,
				333F96901B2F42AC00DEF32E /* ViewController.swift */,
				333F96921B2F42AC00DEF32E /* Main.storyboard */,
				333F96951B2F42AC00DEF32E /* Images.xcassets */,
				333F96971B2F42AC00DEF32E /* LaunchScreen.xib */,
				333F968C1B2F42AC00DEF32E /* Supporting Files */,
			);
			path = "test-form-app";
			sourceTree = "<group>";
		};
		333F968C1B2F42AC00DEF32E /* Supporting Files */ = {
			isa = PBXGroup;
			children = (
				333F968D1B2F42AC00DEF32E /* Info.plist */,
			);
			name = "Supporting Files";
			sourceTree = "<group>";
		};
		333F96A11B2F42AC00DEF32E /* test-form-appTests */ = {
			isa = PBXGroup;
			children = (
				333F96A41B2F42AC00DEF32E /* test_form_appTests.swift */,
				333F96A21B2F42AC00DEF32E /* Supporting Files */,
			);
			path = "test-form-appTests";
			sourceTree = "<group>";
		};
		333F96A21B2F42AC00DEF32E /* Supporting Files */ = {
			isa = PBXGroup;
			children = (
				333F96A31B2F42AC00DEF32E /* Info.plist */,
			);
			name = "Supporting Files";
			sourceTree = "<group>";
		};
/* End PBXGroup section */

/* Begin PBXNativeTarget section */
		333F96881B2F42AC00DEF32E /* test-form-app */ = {
			isa = PBXNativeTarget;
			buildConfigurationList = 333F96A81B2F42AC00DEF32E /* Build configuration list for PBXNativeTarget "test-form-app" */;
			buildPhases = (
				333F96851B2F42AC00DEF32E /* Sources */,
				333F96861B2F42AC00DEF32E /* Frameworks */,
				333F96871B2F42AC00DEF32E /* Resources */,
			);
			buildRules = (
			);
			dependencies = (
			);
			name = "test-form-app";
			productName = "test-form-app";
			productReference = 333F96891B2F42AC00DEF32E /* test-form-app.app */;
			productType = "com.apple.product-type.application";
		};
		333F969D1B2F42AC00DEF32E /* test-form-appTests */ = {
			isa = PBXNativeTarget;
			buildConfigurationList = 333F96AB1B2F42AC00DEF32E /* Build configuration list for PBXNativeTarget "test-form-appTests" */;
			buildPhases = (
				333F969A1B2F42AC00DEF32E /* Sources */,
				333F969B1B2F42AC00DEF32E /* Frameworks */,
				333F969C1B2F42AC00DEF32E /* Resources */,
			);
			buildRules = (
			);
			dependencies = (
				333F96A01B2F42AC00DEF32E /* PBXTargetDependency */,
			);
			name = "test-form-appTests";
			productName = "test-form-appTests";
			productReference = 333F969E1B2F42AC00DEF32E /* test-form-appTests.xctest */;
			productType = "com.apple.product-type.bundle.unit-test";
		};
/* End PBXNativeTarget section */

/* Begin PBXProject section */
		333F96811B2F42AC00DEF32E /* Project object */ = {
			isa = PBXProject;
			attributes = {
				LastUpgradeCheck = 0630;
				ORGANIZATIONNAME = dani;
				TargetAttributes = {
					333F96881B2F42AC00DEF32E = {
						CreatedOnToolsVersion = 6.3.2;
					};
					333F969D1B2F42AC00DEF32E = {
						CreatedOnToolsVersion = 6.3.2;
						TestTargetID = 333F96881B2F42AC00DEF32E;
					};
				};
			};
			buildConfigurationList = 333F96841B2F42AC00DEF32E /* Build configuration list for PBXProject "test-form-app" */;
			compatibilityVersion = "Xcode 3.2";
			developmentRegion = English;
			hasScannedForEncodings = 0;
			knownRegions = (
				en,
				Base,
			);
			mainGroup = 333F96801B2F42AC00DEF32E;
			productRefGroup = 333F968A1B2F42AC00DEF32E /* Products */;
			projectDirPath = "";
			projectRoot = "";
			targets = (
				333F96881B2F42AC00DEF32E /* test-form-app */,
				333F969D1B2F42AC00DEF32E /* test-form-appTests */,
			);
		};
/* End PBXProject section */

/* Begin PBXResourcesBuildPhase section */
		333F96871B2F42AC00DEF32E /* Resources */ = {
			isa = PBXResourcesBuildPhase;
			buildActionMask = 2147483647;
			files = (
				333F96941B2F42AC00DEF32E /* Main.storyboard in Resources */,
				333F96991B2F42AC00DEF32E /* LaunchScreen.xib in Resources */,
				333F96961B2F42AC00DEF32E /* Images.xcassets in Resources */,
			);
			runOnlyForDeploymentPostprocessing = 0;
		};
		333F969C1B2F42AC00DEF32E /* Resources */ = {
			isa = PBXResourcesBuildPhase;
			buildActionMask = 2147483647;
			files = (
			);
			runOnlyForDeploymentPostprocessing = 0;
		};
/* End PBXResourcesBuildPhase section */

/* Begin PBXSourcesBuildPhase section */
		333F96851B2F42AC00DEF32E /* Sources */ = {
			isa = PBXSourcesBuildPhase;
			buildActionMask = 2147483647;
			files = (
				333F96911B2F42AC00DEF32E /* ViewController.swift in Sources */,
				333F968F1B2F42AC00DEF32E /* AppDelegate.swift in Sources */,
			);
			runOnlyForDeploymentPostprocessing = 0;
		};
		333F969A1B2F42AC00DEF32E /* Sources */ = {
			isa = PBXSourcesBuildPhase;
			buildActionMask = 2147483647;
			files = (
				333F96A51B2F42AC00DEF32E /* test_form_appTests.swift in Sources */,
			);
			runOnlyForDeploymentPostprocessing = 0;
		};
/* End PBXSourcesBuildPhase section */

/* Begin PBXTargetDependency section */
		333F96A01B2F42AC00DEF32E /* PBXTargetDependency */ = {
			isa = PBXTargetDependency;
			target = 333F96881B2F42AC00DEF32E /* test-form-app */;
			targetProxy = 333F969F1B2F42AC00DEF32E /* PBXContainerItemProxy */;
		};
/* End PBXTargetDependency section */

/* Begin PBXVariantGroup section */
		333F96921B2F42AC00DEF32E /* Main.storyboard */ = {
			isa = PBXVariantGroup;
			children = (
				333F96931B2F42AC00DEF32E /* Base */,
			);
			name = Main.storyboard;
			sourceTree = "<group>";
		};
		333F96971B2F42AC00DEF32E /* LaunchScreen.xib */ = {
			isa = PBXVariantGroup;
			children = (
				333F96981B2F42AC00DEF32E /* Base */,
			);
			name = LaunchScreen.xib;
			sourceTree = "<group>";
		};
/* End PBXVariantGroup section */

/* Begin XCBuildConfiguration section */
		333F96A61B2F42AC00DEF32E /* Debug */ = {
			isa = XCBuildConfiguration;
			buildSettings = {
				ALWAYS_SEARCH_USER_PATHS = NO;
				CLANG_CXX_LANGUAGE_STANDARD = "gnu++0x";
				CLANG_CXX_LIBRARY = "libc++";
				CLANG_ENABLE_MODULES = YES;
				CLANG_ENABLE_OBJC_ARC = YES;
				CLANG_WARN_BOOL_CONVERSION = YES;
				CLANG_WARN_CONSTANT_CONVERSION = YES;
				CLANG_WARN_DIRECT_OBJC_ISA_USAGE = YES_ERROR;
				CLANG_WARN_EMPTY_BODY = YES;
				CLANG_WARN_ENUM_CONVERSION = YES;
				CLANG_WARN_INT_CONVERSION = YES;
				CLANG_WARN_OBJC_ROOT_CLASS = YES_ERROR;
				CLANG_WARN_UNREACHABLE_CODE = YES;
				CLANG_WARN__DUPLICATE_METHOD_MATCH = YES;
				"CODE_SIGN_IDENTITY[sdk=iphoneos*]" = "iPhone Developer";
				COPY_PHASE_STRIP = NO;
				DEBUG_INFORMATION_FORMAT = "dwarf-with-dsym";
				ENABLE_STRICT_OBJC_MSGSEND = YES;
				GCC_C_LANGUAGE_STANDARD = gnu99;
				GCC_DYNAMIC_NO_PIC = NO;
				GCC_NO_COMMON_BLOCKS = YES;
				GCC_OPTIMIZATION_LEVEL = 0;
				GCC_PREPROCESSOR_DEFINITIONS = (
					"DEBUG=1",
					"$(inherited)",
				);
				GCC_SYMBOLS_PRIVATE_EXTERN = NO;
				GCC_WARN_64_TO_32_BIT_CONVERSION = YES;
				GCC_WARN_ABOUT_RETURN_TYPE = YES_ERROR;
				GCC_WARN_UNDECLARED_SELECTOR = YES;
				GCC_WARN_UNINITIALIZED_AUTOS = YES_AGGRESSIVE;
				GCC_WARN_UNUSED_FUNCTION = YES;
				GCC_WARN_UNUSED_VARIABLE = YES;
				IPHONEOS_DEPLOYMENT_TARGET = 8.3;
				MTL_ENABLE_DEBUG_INFO = YES;
				ONLY_ACTIVE_ARCH = YES;
				SDKROOT = iphoneos;
				SWIFT_OPTIMIZATION_LEVEL = "-Onone";
				TARGETED_DEVICE_FAMILY = "1,2";
			};
			name = Debug;
		};
		333F96A71B2F42AC00DEF32E /* Release */ = {
			isa = XCBuildConfiguration;
			buildSettings = {
				ALWAYS_SEARCH_USER_PATHS = NO;
				CLANG_CXX_LANGUAGE_STANDARD = "gnu++0x";
				CLANG_CXX_LIBRARY = "libc++";
				CLANG_ENABLE_MODULES = YES;
				CLANG_ENABLE_OBJC_ARC = YES;
				CLANG_WARN_BOOL_CONVERSION = YES;
				CLANG_WARN_CONSTANT_CONVERSION = YES;
				CLANG_WARN_DIRECT_OBJC_ISA_USAGE = YES_ERROR;
				CLANG_WARN_EMPTY_BODY = YES;
				CLANG_WARN_ENUM_CONVERSION = YES;
				CLANG_WARN_INT_CONVERSION = YES;
				CLANG_WARN_OBJC_ROOT_CLASS = YES_ERROR;
				CLANG_WARN_UNREACHABLE_CODE = YES;
				CLANG_WARN__DUPLICATE_METHOD_MATCH = YES;
				"CODE_SIGN_IDENTITY[sdk=iphoneos*]" = "iPhone Developer";
				COPY_PHASE_STRIP = NO;
				DEBUG_INFORMATION_FORMAT = "dwarf-with-dsym";
				ENABLE_NS_ASSERTIONS = NO;
				ENABLE_STRICT_OBJC_MSGSEND = YES;
				GCC_C_LANGUAGE_STANDARD = gnu99;
				GCC_NO_COMMON_BLOCKS = YES;
				GCC_WARN_64_TO_32_BIT_CONVERSION = YES;
				GCC_WARN_ABOUT_RETURN_TYPE = YES_ERROR;
				GCC_WARN_UNDECLARED_SELECTOR = YES;
				GCC_WARN_UNINITIALIZED_AUTOS = YES_AGGRESSIVE;
				GCC_WARN_UNUSED_FUNCTION = YES;
				GCC_WARN_UNUSED_VARIABLE = YES;
				IPHONEOS_DEPLOYMENT_TARGET = 8.3;
				MTL_ENABLE_DEBUG_INFO = NO;
				SDKROOT = iphoneos;
				TARGETED_DEVICE_FAMILY = "1,2";
				VALIDATE_PRODUCT = YES;
			};
			name = Release;
		};
		333F96A91B2F42AC00DEF32E /* Debug */ = {
			isa = XCBuildConfiguration;
			buildSettings = {
				ASSETCATALOG_COMPILER_APPICON_NAME = AppIcon;
				INFOPLIST_FILE = "test-form-app/Info.plist";
				LD_RUNPATH_SEARCH_PATHS = "$(inherited) @executable_path/Frameworks";
				PRODUCT_NAME = "$(TARGET_NAME)";
			};
			name = Debug;
		};
		333F96AA1B2F42AC00DEF32E /* Release */ = {
			isa = XCBuildConfiguration;
			buildSettings = {
				ASSETCATALOG_COMPILER_APPICON_NAME = AppIcon;
				INFOPLIST_FILE = "test-form-app/Info.plist";
				LD_RUNPATH_SEARCH_PATHS = "$(inherited) @executable_path/Frameworks";
				PRODUCT_NAME = "$(TARGET_NAME)";
			};
			name = Release;
		};
		333F96AC1B2F42AC00DEF32E /* Debug */ = {
			isa = XCBuildConfiguration;
			buildSettings = {
				BUNDLE_LOADER = "$(TEST_HOST)";
				FRAMEWORK_SEARCH_PATHS = (
					"$(SDKROOT)/Developer/Library/Frameworks",
					"$(inherited)",
				);
				GCC_PREPROCESSOR_DEFINITIONS = (
					"DEBUG=1",
					"$(inherited)",
				);
				INFOPLIST_FILE = "test-form-appTests/Info.plist";
				LD_RUNPATH_SEARCH_PATHS = "$(inherited) @executable_path/Frameworks @loader_path/Frameworks";
				PRODUCT_NAME = "$(TARGET_NAME)";
				TEST_HOST = "$(BUILT_PRODUCTS_DIR)/test-form-app.app/test-form-app";
			};
			name = Debug;
		};
		333F96AD1B2F42AC00DEF32E /* Release */ = {
			isa = XCBuildConfiguration;
			buildSettings = {
				BUNDLE_LOADER = "$(TEST_HOST)";
				FRAMEWORK_SEARCH_PATHS = (
					"$(SDKROOT)/Developer/Library/Frameworks",
					"$(inherited)",
				);
				INFOPLIST_FILE = "test-form-appTests/Info.plist";
				LD_RUNPATH_SEARCH_PATHS = "$(inherited) @executable_path/Frameworks @loader_path/Frameworks";
				PRODUCT_NAME = "$(TARGET_NAME)";
				TEST_HOST = "$(BUILT_PRODUCTS_DIR)/test-form-app.app/test-form-app";
			};
			name = Release;
		};
/* End XCBuildConfiguration section */

/* Begin XCConfigurationList section */
		333F96841B2F42AC00DEF32E /* Build configuration list for PBXProject "test-form-app" */ = {
			isa = XCConfigurationList;
			buildConfigurations = (
				333F96A61B2F42AC00DEF32E /* Debug */,
				333F96A71B2F42AC00DEF32E /* Release */,
			);
			defaultConfigurationIsVisible = 0;
			defaultConfigurationName = Release;
		};
		333F96A81B2F42AC00DEF32E /* Build configuration list for PBXNativeTarget "test-form-app" */ = {
			isa = XCConfigurationList;
			buildConfigurations = (
				333F96A91B2F42AC00DEF32E /* Debug */,
				333F96AA1B2F42AC00DEF32E /* Release */,
			);
			defaultConfigurationIsVisible = 0;
			defaultConfigurationName = Release;
		};
		333F96AB1B2F42AC00DEF32E /* Build configuration list for PBXNativeTarget "test-form-appTests" */ = {
			isa = XCConfigurationList;
			buildConfigurations = (
				333F96AC1B2F42AC00DEF32E /* Debug */,
				333F96AD1B2F42AC00DEF32E /* Release */,
			);
			defaultConfigurationIsVisible = 0;
			defaultConfigurationName = Release;
		};
/* End XCConfigurationList section */
	};
	rootObject = 333F96811B2F42AC00DEF32E /* Project object */;
}
